PODS:
  - AFNetworking (2.5.2):
    - AFNetworking/NSURLConnection
    - AFNetworking/NSURLSession
    - AFNetworking/Reachability
    - AFNetworking/Security
    - AFNetworking/Serialization
    - AFNetworking/UIKit
  - AFNetworking/NSURLConnection (2.5.2):
    - AFNetworking/Reachability
    - AFNetworking/Security
    - AFNetworking/Serialization
  - AFNetworking/NSURLSession (2.5.2):
    - AFNetworking/Reachability
    - AFNetworking/Security
    - AFNetworking/Serialization
  - AFNetworking/Reachability (2.5.2)
  - AFNetworking/Security (2.5.2)
  - AFNetworking/Serialization (2.5.2)
  - AFNetworking/UIKit (2.5.2):
    - AFNetworking/NSURLConnection
    - AFNetworking/NSURLSession
  - ASIHTTPRequest (1.8.2):
    - ASIHTTPRequest/ASIWebPageRequest
    - ASIHTTPRequest/CloudFiles
    - ASIHTTPRequest/Core
    - ASIHTTPRequest/S3
  - ASIHTTPRequest/ASIWebPageRequest (1.8.2):
    - ASIHTTPRequest/Core
  - ASIHTTPRequest/CloudFiles (1.8.2):
    - ASIHTTPRequest/Core
  - ASIHTTPRequest/Core (1.8.2):
    - Reachability
  - ASIHTTPRequest/S3 (1.8.2):
    - ASIHTTPRequest/Core
  - FBSnapshotTestCase (1.6)
  - JSONKit-NoWarning (1.2)
  - MBProgressHUD (0.9.1)
  - Reachability (3.2)
  - XBCacheRequest (0.5.1):
    - AFNetworking
    - JSONKit-NoWarning
    - MBProgressHUD
  - XBGallery (0.2.2):
    - ASIHTTPRequest
    - XBCacheRequest

DEPENDENCIES:
  - FBSnapshotTestCase
  - XBGallery (from `../`)

EXTERNAL SOURCES:
  XBGallery:
    :path: ../

SPEC CHECKSUMS:
  AFNetworking: fefbce9660acb17f48ae0011292d4da0f457bf36
  ASIHTTPRequest: ec013992946676b7978dcbde6396d57312d21db4
  FBSnapshotTestCase: 9d5fe43b29ae3a0ed8fc829477971b281038f748
  JSONKit-NoWarning: 3d27e6f9e6846ecf741e8c64dcadd7d5aa7193cb
  MBProgressHUD: c47f2c166c126cf2ce36498d80f33e754d4e93ad
  Reachability: 33e18b67625424e47b6cde6d202dce689ad7af96
  XBCacheRequest: 747404759746fbf61b6f3cb7e5248d34034fb222
  XBGallery: 0090974507358c1467ffed657a9c5a7cc8b22e2e

COCOAPODS: 0.34.4
